
Microsoft Visual Studio Solution File, Format Version 12.00
# Visual Studio 15
VisualStudioVersion = 15.0.27130.2010
MinimumVisualStudioVersion = 10.0.40219.1
Project("{8BC9CEB8-8B4A-11D0-8D11-00A0C91BC942}") = "Value", "Value\Value.vcxproj", "{2D324B2D-1703-4B0B-AC69-012E3055BDD9}"
EndProject
Global
	GlobalSection(SolutionConfigurationPlatforms) = preSolution
		Debug|x64 = Debug|x64
		Debug|x86 = Debug|x86
		Release|x64 = Release|x64
		Release|x86 = Release|x86
	EndGlobalSection
	GlobalSection(ProjectConfigurationPlatforms) = postSolution
		{2D324B2D-1703-4B0B-AC69-012E3055BDD9}.Debug|x64.ActiveCfg = Debug|x64
		{2D324B2D-1703-4B0B-AC69-012E3055BDD9}.Debug|x64.Build.0 = Debug|x64
		{2D324B2D-1703-4B0B-AC69-012E3055BDD9}.Debug|x86.ActiveCfg = Debug|Win32
		{2D324B2D-1703-4B0B-AC69-012E3055BDD9}.Debug|x86.Build.0 = Debug|Win32
		{2D324B2D-1703-4B0B-AC69-012E3055BDD9}.Release|x64.ActiveCfg = Release|x64
		{2D324B2D-1703-4B0B-AC69-012E3055BDD9}.Release|x64.Build.0 = Release|x64
		{2D324B2D-1703-4B0B-AC69-012E3055BDD9}.Release|x86.ActiveCfg = Release|Win32
		{2D324B2D-1703-4B0B-AC69-012E3055BDD9}.Release|x86.Build.0 = Release|Win32
	EndGlobalSection
	GlobalSection(SolutionProperties) = preSolution
		HideSolutionNode = FALSE
	EndGlobalSection
	GlobalSection(ExtensibilityGlobals) = postSolution
		SolutionGuid = {4DA78762-A4B3-4129-AB1F-A1AAD24552E8}
	EndGlobalSection
EndGlobal
